
Microsoft Visual Studio Solution File, Format Version 12.00
# Visual Studio Version 16
VisualStudioVersion = 16.0.31624.102
MinimumVisualStudioVersion = 10.0.40219.1
Project("{FAE04EC0-301F-11D3-BF4B-00C04F79EFBC}") = "Lab1", "Lab1\Lab1.csproj", "{3928C73C-B24B-4820-AE01-1A563E42B1CD}"
EndProject
Global
	GlobalSection(SolutionConfigurationPlatforms) = preSolution
		Debug|Any CPU = Debug|Any CPU
		Release|Any CPU = Release|Any CPU
	EndGlobalSection
	GlobalSection(ProjectConfigurationPlatforms) = postSolution
		{3928C73C-B24B-4820-AE01-1A563E42B1CD}.Debug|Any CPU.ActiveCfg = Debug|Any CPU
		{3928C73C-B24B-4820-AE01-1A563E42B1CD}.Debug|Any CPU.Build.0 = Debug|Any CPU
		{3928C73C-B24B-4820-AE01-1A563E42B1CD}.Release|Any CPU.ActiveCfg = Release|Any CPU
		{3928C73C-B24B-4820-AE01-1A563E42B1CD}.Release|Any CPU.Build.0 = Release|Any CPU
	EndGlobalSection
	GlobalSection(SolutionProperties) = preSolution
		HideSolutionNode = FALSE
	EndGlobalSection
	GlobalSection(ExtensibilityGlobals) = postSolution
		SolutionGuid = {765C3F07-AD34-46DA-9611-F377F9BA5E38}
	EndGlobalSection
EndGlobal
